
Microsoft Visual Studio Solution File, Format Version 12.00
# Visual Studio 2013
VisualStudioVersion = 12.0.31101.0
MinimumVisualStudioVersion = 10.0.40219.1
Project("{8BC9CEB8-8B4A-11D0-8D11-00A0C91BC942}") = "SoA", "SoA\SOA.vcxproj", "{588491F3-69BA-40E7-8CE8-2382A64D86E3}"
EndProject
Project("{2150E333-8FDC-42A3-9474-1A3956D46DE8}") = "Solution Items", "Solution Items", "{D39A3253-1C22-48A7-BC52-11D84DB81F6C}"
	ProjectSection(SolutionItems) = preProject
		Performance1.psess = Performance1.psess
		Performance2.psess = Performance2.psess
		Performance3.psess = Performance3.psess
		Performance4.psess = Performance4.psess
		Performance5.psess = Performance5.psess
	EndProjectSection
EndProject
Project("{8BC9CEB8-8B4A-11D0-8D11-00A0C91BC942}") = "ModTest", "ModTest\ModTest.vcxproj", "{C49943E6-5645-4D1C-A5F6-FE2D7C94D924}"
EndProject
Global
	GlobalSection(SolutionConfigurationPlatforms) = preSolution
		Debug|Mixed Platforms = Debug|Mixed Platforms
		Debug|Win32 = Debug|Win32
		Debug|x64 = Debug|x64
		DebugXP|Mixed Platforms = DebugXP|Mixed Platforms
		DebugXP|Win32 = DebugXP|Win32
		DebugXP|x64 = DebugXP|x64
		Release|Mixed Platforms = Release|Mixed Platforms
		Release|Win32 = Release|Win32
		Release|x64 = Release|x64
		ReleaseXP|Mixed Platforms = ReleaseXP|Mixed Platforms
		ReleaseXP|Win32 = ReleaseXP|Win32
		ReleaseXP|x64 = ReleaseXP|x64
	EndGlobalSection
	GlobalSection(ProjectConfigurationPlatforms) = postSolution
		{588491F3-69BA-40E7-8CE8-2382A64D86E3}.Debug|Mixed Platforms.ActiveCfg = Debug|Win32
		{588491F3-69BA-40E7-8CE8-2382A64D86E3}.Debug|Mixed Platforms.Build.0 = Debug|Win32
		{588491F3-69BA-40E7-8CE8-2382A64D86E3}.Debug|Win32.ActiveCfg = Debug|Win32
		{588491F3-69BA-40E7-8CE8-2382A64D86E3}.Debug|Win32.Build.0 = Debug|Win32
		{588491F3-69BA-40E7-8CE8-2382A64D86E3}.Debug|x64.ActiveCfg = Debug|x64
		{588491F3-69BA-40E7-8CE8-2382A64D86E3}.Debug|x64.Build.0 = Debug|x64
		{588491F3-69BA-40E7-8CE8-2382A64D86E3}.DebugXP|Mixed Platforms.ActiveCfg = DebugXP|Win32
		{588491F3-69BA-40E7-8CE8-2382A64D86E3}.DebugXP|Mixed Platforms.Build.0 = DebugXP|Win32
		{588491F3-69BA-40E7-8CE8-2382A64D86E3}.DebugXP|Win32.ActiveCfg = DebugXP|Win32
		{588491F3-69BA-40E7-8CE8-2382A64D86E3}.DebugXP|Win32.Build.0 = DebugXP|Win32
		{588491F3-69BA-40E7-8CE8-2382A64D86E3}.DebugXP|x64.ActiveCfg = DebugXP|x64
		{588491F3-69BA-40E7-8CE8-2382A64D86E3}.DebugXP|x64.Build.0 = DebugXP|x64
		{588491F3-69BA-40E7-8CE8-2382A64D86E3}.Release|Mixed Platforms.ActiveCfg = Release|Win32
		{588491F3-69BA-40E7-8CE8-2382A64D86E3}.Release|Mixed Platforms.Build.0 = Release|Win32
		{588491F3-69BA-40E7-8CE8-2382A64D86E3}.Release|Win32.ActiveCfg = Release|Win32
		{588491F3-69BA-40E7-8CE8-2382A64D86E3}.Release|Win32.Build.0 = Release|Win32
		{588491F3-69BA-40E7-8CE8-2382A64D86E3}.Release|x64.ActiveCfg = Release|x64
		{588491F3-69BA-40E7-8CE8-2382A64D86E3}.Release|x64.Build.0 = Release|x64
		{588491F3-69BA-40E7-8CE8-2382A64D86E3}.ReleaseXP|Mixed Platforms.ActiveCfg = ReleaseXP|Win32
		{588491F3-69BA-40E7-8CE8-2382A64D86E3}.ReleaseXP|Mixed Platforms.Build.0 = ReleaseXP|Win32
		{588491F3-69BA-40E7-8CE8-2382A64D86E3}.ReleaseXP|Win32.ActiveCfg = ReleaseXP|Win32
		{588491F3-69BA-40E7-8CE8-2382A64D86E3}.ReleaseXP|Win32.Build.0 = ReleaseXP|Win32
		{588491F3-69BA-40E7-8CE8-2382A64D86E3}.ReleaseXP|x64.ActiveCfg = ReleaseXP|x64
		{588491F3-69BA-40E7-8CE8-2382A64D86E3}.ReleaseXP|x64.Build.0 = ReleaseXP|x64
		{C49943E6-5645-4D1C-A5F6-FE2D7C94D924}.Debug|Mixed Platforms.ActiveCfg = Debug|Win32
		{C49943E6-5645-4D1C-A5F6-FE2D7C94D924}.Debug|Mixed Platforms.Build.0 = Debug|Win32
		{C49943E6-5645-4D1C-A5F6-FE2D7C94D924}.Debug|Win32.ActiveCfg = Debug|Win32
		{C49943E6-5645-4D1C-A5F6-FE2D7C94D924}.Debug|Win32.Build.0 = Debug|Win32
		{C49943E6-5645-4D1C-A5F6-FE2D7C94D924}.Debug|x64.ActiveCfg = Debug|x64
		{C49943E6-5645-4D1C-A5F6-FE2D7C94D924}.Debug|x64.Build.0 = Debug|x64
		{C49943E6-5645-4D1C-A5F6-FE2D7C94D924}.DebugXP|Mixed Platforms.ActiveCfg = Debug|Win32
		{C49943E6-5645-4D1C-A5F6-FE2D7C94D924}.DebugXP|Mixed Platforms.Build.0 = Debug|Win32
		{C49943E6-5645-4D1C-A5F6-FE2D7C94D924}.DebugXP|Win32.ActiveCfg = Debug|Win32
		{C49943E6-5645-4D1C-A5F6-FE2D7C94D924}.DebugXP|Win32.Build.0 = Debug|Win32
		{C49943E6-5645-4D1C-A5F6-FE2D7C94D924}.DebugXP|x64.ActiveCfg = Debug|x64
		{C49943E6-5645-4D1C-A5F6-FE2D7C94D924}.DebugXP|x64.Build.0 = Debug|x64
		{C49943E6-5645-4D1C-A5F6-FE2D7C94D924}.Release|Mixed Platforms.ActiveCfg = Release|Win32
		{C49943E6-5645-4D1C-A5F6-FE2D7C94D924}.Release|Mixed Platforms.Build.0 = Release|Win32
		{C49943E6-5645-4D1C-A5F6-FE2D7C94D924}.Release|Win32.ActiveCfg = Release|Win32
		{C49943E6-5645-4D1C-A5F6-FE2D7C94D924}.Release|Win32.Build.0 = Release|Win32
		{C49943E6-5645-4D1C-A5F6-FE2D7C94D924}.Release|x64.ActiveCfg = Release|x64
		{C49943E6-5645-4D1C-A5F6-FE2D7C94D924}.Release|x64.Build.0 = Release|x64
		{C49943E6-5645-4D1C-A5F6-FE2D7C94D924}.ReleaseXP|Mixed Platforms.ActiveCfg = Release|Win32
		{C49943E6-5645-4D1C-A5F6-FE2D7C94D924}.ReleaseXP|Mixed Platforms.Build.0 = Release|Win32
		{C49943E6-5645-4D1C-A5F6-FE2D7C94D924}.ReleaseXP|Win32.ActiveCfg = Release|Win32
		{C49943E6-5645-4D1C-A5F6-FE2D7C94D924}.ReleaseXP|Win32.Build.0 = Release|Win32
		{C49943E6-5645-4D1C-A5F6-FE2D7C94D924}.ReleaseXP|x64.ActiveCfg = Release|x64
		{C49943E6-5645-4D1C-A5F6-FE2D7C94D924}.ReleaseXP|x64.Build.0 = Release|x64
	EndGlobalSection
	GlobalSection(SolutionProperties) = preSolution
		HideSolutionNode = FALSE
	EndGlobalSection
	GlobalSection(Performance) = preSolution
		HasPerformanceSessions = true
	EndGlobalSection
EndGlobal
