
Microsoft Visual Studio Solution File, Format Version 12.00
# Visual Studio 2013
VisualStudioVersion = 12.0.21005.1
MinimumVisualStudioVersion = 10.0.40219.1
Project("{8BC9CEB8-8B4A-11D0-8D11-00A0C91BC942}") = "SoA", "SoA\SOA.vcxproj", "{588491F3-69BA-40E7-8CE8-2382A64D86E3}"
	ProjectSection(ProjectDependencies) = postProject
		{FB1AB70E-4D03-434E-A127-650F8D777B13} = {FB1AB70E-4D03-434E-A127-650F8D777B13}
		{BE4855EE-E92C-4688-AE44-E44E3149EAB5} = {BE4855EE-E92C-4688-AE44-E44E3149EAB5}
	EndProjectSection
EndProject
Project("{8BC9CEB8-8B4A-11D0-8D11-00A0C91BC942}") = "Vorb", "Vorb\Vorb.vcxproj", "{BE4855EE-E92C-4688-AE44-E44E3149EAB5}"
EndProject
Project("{8BC9CEB8-8B4A-11D0-8D11-00A0C91BC942}") = "OOLua", "Vorb\deps\src\OOLua.vcxproj", "{FB1AB70E-4D03-434E-A127-650F8D777B13}"
EndProject
Project("{8BC9CEB8-8B4A-11D0-8D11-00A0C91BC942}") = "ZLIB", "Vorb\deps\src\ZLIB.vcxproj", "{B8B9A66A-92D7-4FAB-8159-C93804CE84FC}"
EndProject
Global
	GlobalSection(SolutionConfigurationPlatforms) = preSolution
		Debug|Any CPU = Debug|Any CPU
		Debug|Mixed Platforms = Debug|Mixed Platforms
		Debug|Win32 = Debug|Win32
		Release|Any CPU = Release|Any CPU
		Release|Mixed Platforms = Release|Mixed Platforms
		Release|Win32 = Release|Win32
	EndGlobalSection
	GlobalSection(ProjectConfigurationPlatforms) = postSolution
		{588491F3-69BA-40E7-8CE8-2382A64D86E3}.Debug|Any CPU.ActiveCfg = Debug|Win32
		{588491F3-69BA-40E7-8CE8-2382A64D86E3}.Debug|Mixed Platforms.ActiveCfg = Debug|Win32
		{588491F3-69BA-40E7-8CE8-2382A64D86E3}.Debug|Mixed Platforms.Build.0 = Debug|Win32
		{588491F3-69BA-40E7-8CE8-2382A64D86E3}.Debug|Win32.ActiveCfg = Debug|Win32
		{588491F3-69BA-40E7-8CE8-2382A64D86E3}.Debug|Win32.Build.0 = Debug|Win32
		{588491F3-69BA-40E7-8CE8-2382A64D86E3}.Release|Any CPU.ActiveCfg = Release|Win32
		{588491F3-69BA-40E7-8CE8-2382A64D86E3}.Release|Mixed Platforms.ActiveCfg = Release|Win32
		{588491F3-69BA-40E7-8CE8-2382A64D86E3}.Release|Mixed Platforms.Build.0 = Release|Win32
		{588491F3-69BA-40E7-8CE8-2382A64D86E3}.Release|Win32.ActiveCfg = Release|Win32
		{588491F3-69BA-40E7-8CE8-2382A64D86E3}.Release|Win32.Build.0 = Release|Win32
		{BE4855EE-E92C-4688-AE44-E44E3149EAB5}.Debug|Any CPU.ActiveCfg = Debug|Win32
		{BE4855EE-E92C-4688-AE44-E44E3149EAB5}.Debug|Mixed Platforms.ActiveCfg = Debug|Win32
		{BE4855EE-E92C-4688-AE44-E44E3149EAB5}.Debug|Mixed Platforms.Build.0 = Debug|Win32
		{BE4855EE-E92C-4688-AE44-E44E3149EAB5}.Debug|Win32.ActiveCfg = Debug|Win32
		{BE4855EE-E92C-4688-AE44-E44E3149EAB5}.Debug|Win32.Build.0 = Debug|Win32
		{BE4855EE-E92C-4688-AE44-E44E3149EAB5}.Release|Any CPU.ActiveCfg = Release|Win32
		{BE4855EE-E92C-4688-AE44-E44E3149EAB5}.Release|Mixed Platforms.ActiveCfg = Release|Win32
		{BE4855EE-E92C-4688-AE44-E44E3149EAB5}.Release|Mixed Platforms.Build.0 = Release|Win32
		{BE4855EE-E92C-4688-AE44-E44E3149EAB5}.Release|Win32.ActiveCfg = Release|Win32
		{BE4855EE-E92C-4688-AE44-E44E3149EAB5}.Release|Win32.Build.0 = Release|Win32
		{FB1AB70E-4D03-434E-A127-650F8D777B13}.Debug|Any CPU.ActiveCfg = Debug|Win32
		{FB1AB70E-4D03-434E-A127-650F8D777B13}.Debug|Mixed Platforms.ActiveCfg = Debug|Win32
		{FB1AB70E-4D03-434E-A127-650F8D777B13}.Debug|Mixed Platforms.Build.0 = Debug|Win32
		{FB1AB70E-4D03-434E-A127-650F8D777B13}.Debug|Win32.ActiveCfg = Debug|Win32
		{FB1AB70E-4D03-434E-A127-650F8D777B13}.Debug|Win32.Build.0 = Debug|Win32
		{FB1AB70E-4D03-434E-A127-650F8D777B13}.Release|Any CPU.ActiveCfg = Release|Win32
		{FB1AB70E-4D03-434E-A127-650F8D777B13}.Release|Mixed Platforms.ActiveCfg = Release|Win32
		{FB1AB70E-4D03-434E-A127-650F8D777B13}.Release|Mixed Platforms.Build.0 = Release|Win32
		{FB1AB70E-4D03-434E-A127-650F8D777B13}.Release|Win32.ActiveCfg = Release|Win32
		{FB1AB70E-4D03-434E-A127-650F8D777B13}.Release|Win32.Build.0 = Release|Win32
		{B8B9A66A-92D7-4FAB-8159-C93804CE84FC}.Debug|Any CPU.ActiveCfg = Debug|Win32
		{B8B9A66A-92D7-4FAB-8159-C93804CE84FC}.Debug|Mixed Platforms.ActiveCfg = Debug|Win32
		{B8B9A66A-92D7-4FAB-8159-C93804CE84FC}.Debug|Mixed Platforms.Build.0 = Debug|Win32
		{B8B9A66A-92D7-4FAB-8159-C93804CE84FC}.Debug|Win32.ActiveCfg = Debug|Win32
		{B8B9A66A-92D7-4FAB-8159-C93804CE84FC}.Debug|Win32.Build.0 = Debug|Win32
		{B8B9A66A-92D7-4FAB-8159-C93804CE84FC}.Release|Any CPU.ActiveCfg = Release|Win32
		{B8B9A66A-92D7-4FAB-8159-C93804CE84FC}.Release|Mixed Platforms.ActiveCfg = Release|Win32
		{B8B9A66A-92D7-4FAB-8159-C93804CE84FC}.Release|Mixed Platforms.Build.0 = Release|Win32
		{B8B9A66A-92D7-4FAB-8159-C93804CE84FC}.Release|Win32.ActiveCfg = Release|Win32
		{B8B9A66A-92D7-4FAB-8159-C93804CE84FC}.Release|Win32.Build.0 = Release|Win32
	EndGlobalSection
	GlobalSection(SolutionProperties) = preSolution
		HideSolutionNode = FALSE
	EndGlobalSection
EndGlobal
