
Microsoft Visual Studio Solution File, Format Version 12.00
# Visual Studio 2013
VisualStudioVersion = 12.0.21005.1
MinimumVisualStudioVersion = 10.0.40219.1
Project("{8BC9CEB8-8B4A-11D0-8D11-00A0C91BC942}") = "SoA", "SoA\SOA.vcxproj", "{588491F3-69BA-40E7-8CE8-2382A64D86E3}"
EndProject
Project("{2150E333-8FDC-42A3-9474-1A3956D46DE8}") = "Solution Items", "Solution Items", "{D39A3253-1C22-48A7-BC52-11D84DB81F6C}"
	ProjectSection(SolutionItems) = preProject
		Performance1.psess = Performance1.psess
	EndProjectSection
EndProject
Global
	GlobalSection(SolutionConfigurationPlatforms) = preSolution
		Debug|Win32 = Debug|Win32
		Debug|x64 = Debug|x64
		Release|Win32 = Release|Win32
		Release|x64 = Release|x64
	EndGlobalSection
	GlobalSection(ProjectConfigurationPlatforms) = postSolution
		{588491F3-69BA-40E7-8CE8-2382A64D86E3}.Debug|Win32.ActiveCfg = Debug|Win32
		{588491F3-69BA-40E7-8CE8-2382A64D86E3}.Debug|Win32.Build.0 = Debug|Win32
		{588491F3-69BA-40E7-8CE8-2382A64D86E3}.Debug|x64.ActiveCfg = Debug|x64
		{588491F3-69BA-40E7-8CE8-2382A64D86E3}.Debug|x64.Build.0 = Debug|x64
		{588491F3-69BA-40E7-8CE8-2382A64D86E3}.Release|Win32.ActiveCfg = Release|Win32
		{588491F3-69BA-40E7-8CE8-2382A64D86E3}.Release|Win32.Build.0 = Release|Win32
		{588491F3-69BA-40E7-8CE8-2382A64D86E3}.Release|x64.ActiveCfg = Release|x64
		{588491F3-69BA-40E7-8CE8-2382A64D86E3}.Release|x64.Build.0 = Release|x64
	EndGlobalSection
	GlobalSection(SolutionProperties) = preSolution
		HideSolutionNode = FALSE
	EndGlobalSection
EndGlobal
