<?xml version="1.0" encoding="utf-8"?>
<Project ToolsVersion="4.0" xmlns="http://schemas.microsoft.com/developer/msbuild/2003">
  <ItemGroup>
    <Filter Include="Source Files">
      <UniqueIdentifier>{4FC737F1-C7A5-4376-A066-2A32D752A2FF}</UniqueIdentifier>
      <Extensions>cpp;c;cc;cxx;def;odl;idl;hpj;bat;asm;asmx</Extensions>
    </Filter>
    <Filter Include="Header Files">
      <UniqueIdentifier>{93995380-89BD-4b04-88EB-625FBE52EBFB}</UniqueIdentifier>
      <Extensions>h;hh;hpp;hxx;hm;inl;inc;xsd</Extensions>
    </Filter>
    <Filter Include="Resource Files">
      <UniqueIdentifier>{67DA6AB6-F800-4c08-8B7A-83BB121AAD01}</UniqueIdentifier>
      <Extensions>rc;ico;cur;bmp;dlg;rc2;rct;bin;rgs;gif;jpg;jpeg;jpe;resx;tiff;tif;png;wav;mfcribbon-ms</Extensions>
    </Filter>
  </ItemGroup>
  <ItemGroup>
    <ClInclude Include="..\deps\include\lua\char_arrays.h">
      <Filter>Header Files</Filter>
    </ClInclude>
    <ClInclude Include="..\deps\include\lua\class_from_stack.h">
      <Filter>Header Files</Filter>
    </ClInclude>
    <ClInclude Include="..\deps\include\lua\default_trait_caller.h">
      <Filter>Header Files</Filter>
    </ClInclude>
    <ClInclude Include="..\deps\include\lua\dsl_va_args.h">
      <Filter>Header Files</Filter>
    </ClInclude>
    <ClInclude Include="..\deps\include\lua\lua_includes.h">
      <Filter>Header Files</Filter>
    </ClInclude>
    <ClInclude Include="..\deps\include\lua\lvd_type_traits.h">
      <Filter>Header Files</Filter>
    </ClInclude>
    <ClInclude Include="..\deps\include\lua\lvd_types.h">
      <Filter>Header Files</Filter>
    </ClInclude>
    <ClInclude Include="..\deps\include\lua\oolua.h">
      <Filter>Header Files</Filter>
    </ClInclude>
    <ClInclude Include="..\deps\include\lua\oolua_boilerplate.h">
      <Filter>Header Files</Filter>
    </ClInclude>
    <ClInclude Include="..\deps\include\lua\oolua_check_result.h">
      <Filter>Header Files</Filter>
    </ClInclude>
    <ClInclude Include="..\deps\include\lua\oolua_chunk.h">
      <Filter>Header Files</Filter>
    </ClInclude>
    <ClInclude Include="..\deps\include\lua\oolua_config.h">
      <Filter>Header Files</Filter>
    </ClInclude>
    <ClInclude Include="..\deps\include\lua\oolua_dsl.h">
      <Filter>Header Files</Filter>
    </ClInclude>
    <ClInclude Include="..\deps\include\lua\oolua_dsl_export.h">
      <Filter>Header Files</Filter>
    </ClInclude>
    <ClInclude Include="..\deps\include\lua\oolua_error.h">
      <Filter>Header Files</Filter>
    </ClInclude>
    <ClInclude Include="..\deps\include\lua\oolua_exception.h">
      <Filter>Header Files</Filter>
    </ClInclude>
    <ClInclude Include="..\deps\include\lua\oolua_function.h">
      <Filter>Header Files</Filter>
    </ClInclude>
    <ClInclude Include="..\deps\include\lua\oolua_helpers.h">
      <Filter>Header Files</Filter>
    </ClInclude>
    <ClInclude Include="..\deps\include\lua\oolua_open.h">
      <Filter>Header Files</Filter>
    </ClInclude>
    <ClInclude Include="..\deps\include\lua\oolua_pull.h">
      <Filter>Header Files</Filter>
    </ClInclude>
    <ClInclude Include="..\deps\include\lua\oolua_push.h">
      <Filter>Header Files</Filter>
    </ClInclude>
    <ClInclude Include="..\deps\include\lua\oolua_ref.h">
      <Filter>Header Files</Filter>
    </ClInclude>
    <ClInclude Include="..\deps\include\lua\oolua_registration.h">
      <Filter>Header Files</Filter>
    </ClInclude>
    <ClInclude Include="..\deps\include\lua\oolua_registration_fwd.h">
      <Filter>Header Files</Filter>
    </ClInclude>
    <ClInclude Include="..\deps\include\lua\oolua_script.h">
      <Filter>Header Files</Filter>
    </ClInclude>
    <ClInclude Include="..\deps\include\lua\oolua_stack.h">
      <Filter>Header Files</Filter>
    </ClInclude>
    <ClInclude Include="..\deps\include\lua\oolua_stack_dump.h">
      <Filter>Header Files</Filter>
    </ClInclude>
    <ClInclude Include="..\deps\include\lua\oolua_stack_fwd.h">
      <Filter>Header Files</Filter>
    </ClInclude>
    <ClInclude Include="..\deps\include\lua\oolua_string.h">
      <Filter>Header Files</Filter>
    </ClInclude>
    <ClInclude Include="..\deps\include\lua\oolua_table.h">
      <Filter>Header Files</Filter>
    </ClInclude>
    <ClInclude Include="..\deps\include\lua\oolua_traits.h">
      <Filter>Header Files</Filter>
    </ClInclude>
    <ClInclude Include="..\deps\include\lua\oolua_traits_fwd.h">
      <Filter>Header Files</Filter>
    </ClInclude>
    <ClInclude Include="..\deps\include\lua\oolua_version.h">
      <Filter>Header Files</Filter>
    </ClInclude>
    <ClInclude Include="..\deps\include\lua\platform_check.h">
      <Filter>Header Files</Filter>
    </ClInclude>
    <ClInclude Include="..\deps\include\lua\proxy_base_checker.h">
      <Filter>Header Files</Filter>
    </ClInclude>
    <ClInclude Include="..\deps\include\lua\proxy_caller.h">
      <Filter>Header Files</Filter>
    </ClInclude>
    <ClInclude Include="..\deps\include\lua\proxy_class.h">
      <Filter>Header Files</Filter>
    </ClInclude>
    <ClInclude Include="..\deps\include\lua\proxy_constructor.h">
      <Filter>Header Files</Filter>
    </ClInclude>
    <ClInclude Include="..\deps\include\lua\proxy_constructor_param_tester.h">
      <Filter>Header Files</Filter>
    </ClInclude>
    <ClInclude Include="..\deps\include\lua\proxy_function_dispatch.h">
      <Filter>Header Files</Filter>
    </ClInclude>
    <ClInclude Include="..\deps\include\lua\proxy_function_exports.h">
      <Filter>Header Files</Filter>
    </ClInclude>
    <ClInclude Include="..\deps\include\lua\proxy_member_function.h">
      <Filter>Header Files</Filter>
    </ClInclude>
    <ClInclude Include="..\deps\include\lua\proxy_none_member_function.h">
      <Filter>Header Files</Filter>
    </ClInclude>
    <ClInclude Include="..\deps\include\lua\proxy_operators.h">
      <Filter>Header Files</Filter>
    </ClInclude>
    <ClInclude Include="..\deps\include\lua\proxy_public_member.h">
      <Filter>Header Files</Filter>
    </ClInclude>
    <ClInclude Include="..\deps\include\lua\proxy_stack_helper.h">
      <Filter>Header Files</Filter>
    </ClInclude>
    <ClInclude Include="..\deps\include\lua\proxy_storage.h">
      <Filter>Header Files</Filter>
    </ClInclude>
    <ClInclude Include="..\deps\include\lua\proxy_tag_info.h">
      <Filter>Header Files</Filter>
    </ClInclude>
    <ClInclude Include="..\deps\include\lua\proxy_tags.h">
      <Filter>Header Files</Filter>
    </ClInclude>
    <ClInclude Include="..\deps\include\lua\proxy_test.h">
      <Filter>Header Files</Filter>
    </ClInclude>
    <ClInclude Include="..\deps\include\lua\proxy_userdata.h">
      <Filter>Header Files</Filter>
    </ClInclude>
    <ClInclude Include="..\deps\include\lua\push_pointer_internal.h">
      <Filter>Header Files</Filter>
    </ClInclude>
    <ClInclude Include="..\deps\include\lua\stack_get.h">
      <Filter>Header Files</Filter>
    </ClInclude>
    <ClInclude Include="..\deps\include\lua\type_converters.h">
      <Filter>Header Files</Filter>
    </ClInclude>
    <ClInclude Include="..\deps\include\lua\type_list.h">
      <Filter>Header Files</Filter>
    </ClInclude>
    <ClInclude Include="..\deps\include\lua\typelist_structs.h">
      <Filter>Header Files</Filter>
    </ClInclude>
  </ItemGroup>
  <ItemGroup>
    <ClCompile Include="..\deps\src\oolua\class_from_stack.cpp">
      <Filter>Source Files</Filter>
    </ClCompile>
    <ClCompile Include="..\deps\src\oolua\oolua.cpp">
      <Filter>Source Files</Filter>
    </ClCompile>
    <ClCompile Include="..\deps\src\oolua\oolua_check_result.cpp">
      <Filter>Source Files</Filter>
    </ClCompile>
    <ClCompile Include="..\deps\src\oolua\oolua_chunk.cpp">
      <Filter>Source Files</Filter>
    </ClCompile>
    <ClCompile Include="..\deps\src\oolua\oolua_error.cpp">
      <Filter>Source Files</Filter>
    </ClCompile>
    <ClCompile Include="..\deps\src\oolua\oolua_exception.cpp">
      <Filter>Source Files</Filter>
    </ClCompile>
    <ClCompile Include="..\deps\src\oolua\oolua_function.cpp">
      <Filter>Source Files</Filter>
    </ClCompile>
    <ClCompile Include="..\deps\src\oolua\oolua_helpers.cpp">
      <Filter>Source Files</Filter>
    </ClCompile>
    <ClCompile Include="..\deps\src\oolua\oolua_open.cpp">
      <Filter>Source Files</Filter>
    </ClCompile>
    <ClCompile Include="..\deps\src\oolua\oolua_pull.cpp">
      <Filter>Source Files</Filter>
    </ClCompile>
    <ClCompile Include="..\deps\src\oolua\oolua_push.cpp">
      <Filter>Source Files</Filter>
    </ClCompile>
    <ClCompile Include="..\deps\src\oolua\oolua_ref.cpp">
      <Filter>Source Files</Filter>
    </ClCompile>
    <ClCompile Include="..\deps\src\oolua\oolua_registration.cpp">
      <Filter>Source Files</Filter>
    </ClCompile>
    <ClCompile Include="..\deps\src\oolua\oolua_script.cpp">
      <Filter>Source Files</Filter>
    </ClCompile>
    <ClCompile Include="..\deps\src\oolua\oolua_stack_dump.cpp">
      <Filter>Source Files</Filter>
    </ClCompile>
    <ClCompile Include="..\deps\src\oolua\oolua_string.cpp">
      <Filter>Source Files</Filter>
    </ClCompile>
    <ClCompile Include="..\deps\src\oolua\oolua_table.cpp">
      <Filter>Source Files</Filter>
    </ClCompile>
    <ClCompile Include="..\deps\src\oolua\proxy_storage.cpp">
      <Filter>Source Files</Filter>
    </ClCompile>
    <ClCompile Include="..\deps\src\oolua\push_pointer_internal.cpp">
      <Filter>Source Files</Filter>
    </ClCompile>
    <ClCompile Include="..\deps\src\oolua\stack_get.cpp">
      <Filter>Source Files</Filter>
    </ClCompile>
  </ItemGroup>
</Project>